
Microsoft Visual Studio Solution File, Format Version 12.00
Project("{F184B08F-C81C-45F6-A57F-5ABD9991F28F}") = "RailgunVB", "RailgunVB\RailgunVB.vbproj", "{361B5AD2-EE2A-48D9-8593-25BB2654E0F5}"
EndProject
Global
	GlobalSection(SolutionConfigurationPlatforms) = preSolution
		Debug|Any CPU = Debug|Any CPU
		Release|Any CPU = Release|Any CPU
	EndGlobalSection
	GlobalSection(ProjectConfigurationPlatforms) = postSolution
		{361B5AD2-EE2A-48D9-8593-25BB2654E0F5}.Debug|Any CPU.ActiveCfg = Debug|Any CPU
		{361B5AD2-EE2A-48D9-8593-25BB2654E0F5}.Debug|Any CPU.Build.0 = Debug|Any CPU
		{361B5AD2-EE2A-48D9-8593-25BB2654E0F5}.Release|Any CPU.ActiveCfg = Release|Any CPU
		{361B5AD2-EE2A-48D9-8593-25BB2654E0F5}.Release|Any CPU.Build.0 = Release|Any CPU
	EndGlobalSection
EndGlobal
