
Microsoft Visual Studio Solution File, Format Version 12.00
# 
Project("{F184B08F-C81C-45F6-A57F-5ABD9991F28F}") = "RailgunVB", "RailgunVB\RailgunVB.vbproj", "{361B5AD2-EE2A-48D9-8593-25BB2654E0F5}"
EndProject
Project("{FAE04EC0-301F-11D3-BF4B-00C04F79EFBC}") = "AudioChord", "Shared.Music\src\AudioChord\AudioChord.csproj", "{4D6D5DFF-CCA6-4571-ADC7-DDCF4FBA6840}"
EndProject
Project("{FAE04EC0-301F-11D3-BF4B-00C04F79EFBC}") = "AudioChord.Parsers", "Shared.Music\src\AudioChord.Parsers\AudioChord.Parsers.csproj", "{B15A8668-4E34-4949-A289-AFA2F407A370}"
EndProject
Project("{FAE04EC0-301F-11D3-BF4B-00C04F79EFBC}") = "TreeDiagram", "TreeDiagram\TreeDiagram.csproj", "{A5739A19-A24B-44A2-81FD-0ED64255C926}"
EndProject
Project("{FAE04EC0-301F-11D3-BF4B-00C04F79EFBC}") = "Railgun", "Railgun\Railgun.csproj", "{0AD77693-5A9C-445F-924F-30944A500810}"
EndProject
Global
	GlobalSection(SolutionConfigurationPlatforms) = preSolution
		Debug|Any CPU = Debug|Any CPU
		Release|Any CPU = Release|Any CPU
	EndGlobalSection
	GlobalSection(ProjectConfigurationPlatforms) = postSolution
		{361B5AD2-EE2A-48D9-8593-25BB2654E0F5}.Debug|Any CPU.ActiveCfg = Debug|Any CPU
		{361B5AD2-EE2A-48D9-8593-25BB2654E0F5}.Debug|Any CPU.Build.0 = Debug|Any CPU
		{361B5AD2-EE2A-48D9-8593-25BB2654E0F5}.Release|Any CPU.ActiveCfg = Release|Any CPU
		{361B5AD2-EE2A-48D9-8593-25BB2654E0F5}.Release|Any CPU.Build.0 = Release|Any CPU
		{4D6D5DFF-CCA6-4571-ADC7-DDCF4FBA6840}.Debug|Any CPU.ActiveCfg = Debug|Any CPU
		{4D6D5DFF-CCA6-4571-ADC7-DDCF4FBA6840}.Debug|Any CPU.Build.0 = Debug|Any CPU
		{4D6D5DFF-CCA6-4571-ADC7-DDCF4FBA6840}.Release|Any CPU.ActiveCfg = Release|Any CPU
		{4D6D5DFF-CCA6-4571-ADC7-DDCF4FBA6840}.Release|Any CPU.Build.0 = Release|Any CPU
		{B15A8668-4E34-4949-A289-AFA2F407A370}.Debug|Any CPU.ActiveCfg = Debug|Any CPU
		{B15A8668-4E34-4949-A289-AFA2F407A370}.Debug|Any CPU.Build.0 = Debug|Any CPU
		{B15A8668-4E34-4949-A289-AFA2F407A370}.Release|Any CPU.ActiveCfg = Release|Any CPU
		{B15A8668-4E34-4949-A289-AFA2F407A370}.Release|Any CPU.Build.0 = Release|Any CPU
		{A5739A19-A24B-44A2-81FD-0ED64255C926}.Debug|Any CPU.ActiveCfg = Debug|Any CPU
		{A5739A19-A24B-44A2-81FD-0ED64255C926}.Debug|Any CPU.Build.0 = Debug|Any CPU
		{A5739A19-A24B-44A2-81FD-0ED64255C926}.Release|Any CPU.ActiveCfg = Release|Any CPU
		{A5739A19-A24B-44A2-81FD-0ED64255C926}.Release|Any CPU.Build.0 = Release|Any CPU
		{0AD77693-5A9C-445F-924F-30944A500810}.Debug|Any CPU.ActiveCfg = Debug|Any CPU
		{0AD77693-5A9C-445F-924F-30944A500810}.Debug|Any CPU.Build.0 = Debug|Any CPU
		{0AD77693-5A9C-445F-924F-30944A500810}.Release|Any CPU.ActiveCfg = Release|Any CPU
		{0AD77693-5A9C-445F-924F-30944A500810}.Release|Any CPU.Build.0 = Release|Any CPU
	EndGlobalSection
EndGlobal
